// !$*UTF8*$!
{
	archiveVersion = 1;
	classes = {
	};
	objectVersion = 77;
	objects = {

/* Begin PBXBuildFile section */
		B9ABCD012FB00001000ABCDE /* SwiftTerm in Frameworks */ = {isa = PBXBuildFile; productRef = B9ABCD002FB00001000ABCDE /* SwiftTerm */; };
		B9ACCEL012FB00010000ABCDE /* Accelerate.framework in Frameworks */ = {isa = PBXBuildFile; fileRef = B9ACCEL002FB00010000ABCDE /* Accelerate.framework */; };
		B9E7BABB2FA0BCD9004329BB /* Manim in Frameworks */ = {isa = PBXBuildFile; productRef = B9E7BABA2FA0BCD9004329BB /* Manim */; };
		B9F1A0022FAA0001000A0001 /* Python.xcframework in Frameworks */ = {isa = PBXBuildFile; fileRef = B9F1A0012FAA0001000A0001 /* Python.xcframework */; };
		B9F1A0032FAA0001000A0001 /* Python.xcframework in Embed Frameworks */ = {isa = PBXBuildFile; fileRef = B9F1A0012FAA0001000A0001 /* Python.xcframework */; settings = {ATTRIBUTES = (CodeSignOnCopy, RemoveHeadersOnCopy, ); }; };
		B9MA01012FAB0001000ABCDE /* Python.xcframework in Frameworks */ = {isa = PBXBuildFile; fileRef = B9F1A0012FAA0001000A0001 /* Python.xcframework */; };
		B9MA01022FAB0001000ABCDE /* Python.xcframework in Embed Frameworks */ = {isa = PBXBuildFile; fileRef = B9F1A0012FAA0001000A0001 /* Python.xcframework */; settings = {ATTRIBUTES = (CodeSignOnCopy, RemoveHeadersOnCopy, ); }; };
		B9MA02012FAB0002000ABCDE /* SwiftTerm in Frameworks */ = {isa = PBXBuildFile; productRef = B9MA02002FAB0002000ABCDE /* SwiftTerm */; };
/* End PBXBuildFile section */

/* Begin PBXCopyFilesBuildPhase section */
		B9F1A0042FAA0001000A0001 /* Embed Frameworks */ = {
			isa = PBXCopyFilesBuildPhase;
			buildActionMask = 2147483647;
			dstPath = "";
			dstSubfolderSpec = 10;
			files = (
				B9F1A0032FAA0001000A0001 /* Python.xcframework in Embed Frameworks */,
			);
			name = "Embed Frameworks";
			runOnlyForDeploymentPostprocessing = 0;
		};
		B9MA01032FAB0001000ABCDE /* Embed Frameworks */ = {
			isa = PBXCopyFilesBuildPhase;
			buildActionMask = 2147483647;
			dstPath = "";
			dstSubfolderSpec = 10;
			files = (
				B9MA01022FAB0001000ABCDE /* Python.xcframework in Embed Frameworks */,
			);
			name = "Embed Frameworks";
			runOnlyForDeploymentPostprocessing = 0;
		};
/* End PBXCopyFilesBuildPhase section */

/* Begin PBXFileReference section */
		B91A87332FAAF63D00F66109 /* ManimStudio_macos.app */ = {isa = PBXFileReference; explicitFileType = wrapper.application; includeInIndex = 0; path = ManimStudio_macos.app; sourceTree = BUILT_PRODUCTS_DIR; };
		B94E95742FA04EFA00CF9138 /* ManimStudio.app */ = {isa = PBXFileReference; explicitFileType = wrapper.application; includeInIndex = 0; path = ManimStudio.app; sourceTree = BUILT_PRODUCTS_DIR; };
		B9ACCEL002FB00010000ABCDE /* Accelerate.framework */ = {isa = PBXFileReference; lastKnownFileType = wrapper.framework; name = Accelerate.framework; path = System/Library/Frameworks/Accelerate.framework; sourceTree = SDKROOT; };
		B9F1A0012FAA0001000A0001 /* Python.xcframework */ = {isa = PBXFileReference; lastKnownFileType = wrapper.xcframework; name = Python.xcframework; path = ../_vendor/beeware/Python.xcframework; sourceTree = SOURCE_ROOT; };
/* End PBXFileReference section */

/* Begin PBXFileSystemSynchronizedBuildFileExceptionSet section */
		B94695EC2FA1A92400CDEDED /* Exceptions for "ManimStudio" folder in "ManimStudio" target */ = {
			isa = PBXFileSystemSynchronizedBuildFileExceptionSet;
			membershipExceptions = (
				Info.plist,
			);
			target = B94E95732FA04EFA00CF9138 /* ManimStudio */;
		};
/* End PBXFileSystemSynchronizedBuildFileExceptionSet section */

/* Begin PBXFileSystemSynchronizedRootGroup section */
		B91A87342FAAF63D00F66109 /* ManimStudio_macos */ = {
			isa = PBXFileSystemSynchronizedRootGroup;
			path = ManimStudio_macos;
			sourceTree = "<group>";
		};
		B94E95762FA04EFA00CF9138 /* ManimStudio */ = {
			isa = PBXFileSystemSynchronizedRootGroup;
			exceptions = (
				B94695EC2FA1A92400CDEDED /* Exceptions for "ManimStudio" folder in "ManimStudio" target */,
			);
			path = ManimStudio;
			sourceTree = "<group>";
		};
/* End PBXFileSystemSynchronizedRootGroup section */

/* Begin PBXFrameworksBuildPhase section */
		B91A87302FAAF63D00F66109 /* Frameworks */ = {
			isa = PBXFrameworksBuildPhase;
			buildActionMask = 2147483647;
			files = (
				B9MA01012FAB0001000ABCDE /* Python.xcframework in Frameworks */,
				B9MA02012FAB0002000ABCDE /* SwiftTerm in Frameworks */,
			);
			runOnlyForDeploymentPostprocessing = 0;
		};
		B94E95712FA04EFA00CF9138 /* Frameworks */ = {
			isa = PBXFrameworksBuildPhase;
			buildActionMask = 2147483647;
			files = (
				B9F1A0022FAA0001000A0001 /* Python.xcframework in Frameworks */,
				B9E7BABB2FA0BCD9004329BB /* Manim in Frameworks */,
				B9ABCD012FB00001000ABCDE /* SwiftTerm in Frameworks */,
				B9ACCEL012FB00010000ABCDE /* Accelerate.framework in Frameworks */,
			);
			runOnlyForDeploymentPostprocessing = 0;
		};
/* End PBXFrameworksBuildPhase section */

/* Begin PBXGroup section */
		B945F3A82FA0579500854121 /* Frameworks */ = {
			isa = PBXGroup;
			children = (
				B9F1A0012FAA0001000A0001 /* Python.xcframework */,
				B9ACCEL002FB00010000ABCDE /* Accelerate.framework */,
			);
			name = Frameworks;
			sourceTree = "<group>";
		};
		B94E956B2FA04EFA00CF9138 = {
			isa = PBXGroup;
			children = (
				B94E95762FA04EFA00CF9138 /* ManimStudio */,
				B91A87342FAAF63D00F66109 /* ManimStudio_macos */,
				B945F3A82FA0579500854121 /* Frameworks */,
				B94E95752FA04EFA00CF9138 /* Products */,
			);
			sourceTree = "<group>";
		};
		B94E95752FA04EFA00CF9138 /* Products */ = {
			isa = PBXGroup;
			children = (
				B94E95742FA04EFA00CF9138 /* ManimStudio.app */,
				B91A87332FAAF63D00F66109 /* ManimStudio_macos.app */,
			);
			name = Products;
			sourceTree = "<group>";
		};
/* End PBXGroup section */

/* Begin PBXNativeTarget section */
		B91A87322FAAF63D00F66109 /* ManimStudio_macos */ = {
			isa = PBXNativeTarget;
			buildConfigurationList = B91A873D2FAAF63E00F66109 /* Build configuration list for PBXNativeTarget "ManimStudio_macos" */;
			buildPhases = (
				B91A872F2FAAF63D00F66109 /* Sources */,
				B91A87302FAAF63D00F66109 /* Frameworks */,
				B91A87312FAAF63D00F66109 /* Resources */,
				B9MA01042FAB0001000ABCDE /* Install Python (macOS) */,
				B9MA01032FAB0001000ABCDE /* Embed Frameworks */,
			);
			buildRules = (
			);
			dependencies = (
			);
			fileSystemSynchronizedGroups = (
				B91A87342FAAF63D00F66109 /* ManimStudio_macos */,
			);
			name = ManimStudio_macos;
			packageProductDependencies = (
				B9MA02002FAB0002000ABCDE /* SwiftTerm */,
			);
			productName = ManimStudio_macos;
			productReference = B91A87332FAAF63D00F66109 /* ManimStudio_macos.app */;
			productType = "com.apple.product-type.application";
		};
		B94E95732FA04EFA00CF9138 /* ManimStudio */ = {
			isa = PBXNativeTarget;
			buildConfigurationList = B94E957F2FA04EFA00CF9138 /* Build configuration list for PBXNativeTarget "ManimStudio" */;
			buildPhases = (
				B94E95702FA04EFA00CF9138 /* Sources */,
				B94E95712FA04EFA00CF9138 /* Frameworks */,
				B94E95722FA04EFA00CF9138 /* Resources */,
				B9F1A0052FAA0001000A0001 /* Install Python stdlib */,
				B9F1A0062FAA0002000A0001 /* Wrap loose dylibs (App Store) */,
				B9F1A0042FAA0001000A0001 /* Embed Frameworks */,
				B9F1A0072FAA0003000A0001 /* Normalize Python .fwork (post-embed) */,
			);
			buildRules = (
			);
			dependencies = (
			);
			fileSystemSynchronizedGroups = (
				B94E95762FA04EFA00CF9138 /* ManimStudio */,
			);
			name = ManimStudio;
			packageProductDependencies = (
				B9E7BABA2FA0BCD9004329BB /* Manim */,
				B9ABCD002FB00001000ABCDE /* SwiftTerm */,
			);
			productName = ManimStudio;
			productReference = B94E95742FA04EFA00CF9138 /* ManimStudio.app */;
			productType = "com.apple.product-type.application";
		};
/* End PBXNativeTarget section */

/* Begin PBXProject section */
		B94E956C2FA04EFA00CF9138 /* Project object */ = {
			isa = PBXProject;
			attributes = {
				BuildIndependentTargetsInParallel = 1;
				LastSwiftUpdateCheck = 2630;
				LastUpgradeCheck = 2630;
				TargetAttributes = {
					B91A87322FAAF63D00F66109 = {
						CreatedOnToolsVersion = 26.3;
					};
					B94E95732FA04EFA00CF9138 = {
						CreatedOnToolsVersion = 26.3;
					};
				};
			};
			buildConfigurationList = B94E956F2FA04EFA00CF9138 /* Build configuration list for PBXProject "ManimStudio" */;
			developmentRegion = en;
			hasScannedForEncodings = 0;
			knownRegions = (
				en,
				Base,
			);
			mainGroup = B94E956B2FA04EFA00CF9138;
			minimizedProjectReferenceProxies = 1;
			packageReferences = (
				B9E7BAB92FA0BCD9004329BB /* XCRemoteSwiftPackageReference "python-ios-lib" */,
				B9ABCDFE2FB00001000ABCDE /* XCRemoteSwiftPackageReference "SwiftTerm" */,
			);
			preferredProjectObjectVersion = 77;
			productRefGroup = B94E95752FA04EFA00CF9138 /* Products */;
			projectDirPath = "";
			projectRoot = "";
			targets = (
				B94E95732FA04EFA00CF9138 /* ManimStudio */,
				B91A87322FAAF63D00F66109 /* ManimStudio_macos */,
			);
		};
/* End PBXProject section */

/* Begin PBXResourcesBuildPhase section */
		B91A87312FAAF63D00F66109 /* Resources */ = {
			isa = PBXResourcesBuildPhase;
			buildActionMask = 2147483647;
			files = (
			);
			runOnlyForDeploymentPostprocessing = 0;
		};
		B94E95722FA04EFA00CF9138 /* Resources */ = {
			isa = PBXResourcesBuildPhase;
			buildActionMask = 2147483647;
			files = (
			);
			runOnlyForDeploymentPostprocessing = 0;
		};
/* End PBXResourcesBuildPhase section */

/* Begin PBXShellScriptBuildPhase section */
		B9F1A0052FAA0001000A0001 /* Install Python stdlib */ = {
			isa = PBXShellScriptBuildPhase;
			alwaysOutOfDate = 1;
			buildActionMask = 2147483647;
			files = (
			);
			inputFileListPaths = (
			);
			inputPaths = (
			);
			name = "Install Python stdlib";
			outputFileListPaths = (
			);
			outputPaths = (
			);
			runOnlyForDeploymentPostprocessing = 0;
			shellPath = /bin/bash;
			shellScript = "\"${SRCROOT}/../scripts/install-python-stdlib.sh\"\n";
		};
		B9F1A0062FAA0002000A0001 /* Wrap loose dylibs (App Store) */ = {
			isa = PBXShellScriptBuildPhase;
			alwaysOutOfDate = 1;
			buildActionMask = 2147483647;
			files = (
			);
			inputFileListPaths = (
			);
			inputPaths = (
			);
			name = "Wrap loose dylibs (App Store)";
			outputFileListPaths = (
			);
			outputPaths = (
			);
			runOnlyForDeploymentPostprocessing = 0;
			shellPath = /bin/bash;
			shellScript = "set -e\n# Archive-only guard: wrap-loose-dylibs.sh Step 0b3 rewrites .fwork files\n# to prepend @executable_path/ — required for App Store hardened mode\n# (which rejects relative paths) but breaks dev/Run builds because\n# @executable_path only resolves in LC_LOAD_DYLIB, not in dlopen string args.\nIS_ARCHIVE=0\n[ \"$ACTION\" = \"install\" ] && IS_ARCHIVE=1\n[ -n \"$ARCHIVE_PATH\" ] && IS_ARCHIVE=1\nif [ \"$IS_ARCHIVE\" != \"1\" ]; then\n  echo \"wrap-loose-dylibs: dev/Run build (ACTION=$ACTION) — skipping\"\n  exit 0\nfi\nWRAP=\"\"\nfor cand in \\\n  \"${BUILD_ROOT}/../../SourcePackages/checkouts/python-ios-lib/scripts/appstore/wrap-loose-dylibs.sh\" \\\n  \"${SRCROOT}/../_vendor/python-ios-lib/scripts/appstore/wrap-loose-dylibs.sh\" \\\n  ; do\n  if [ -f \"$cand\" ]; then\n    WRAP=\"$cand\"\n    echo \"wrap-loose-dylibs: archive build — using $WRAP\"\n    break\n  fi\ndone\nif [ -n \"$WRAP\" ]; then\n  bash \"$WRAP\"\nelse\n  echo \"❌ wrap-loose-dylibs.sh not found — App Store will reject\"\n  exit 1\nfi\n";
		};
		B9F1A0072FAA0003000A0001 /* Normalize Python .fwork (post-embed) */ = {
			isa = PBXShellScriptBuildPhase;
			alwaysOutOfDate = 1;
			buildActionMask = 2147483647;
			files = (
			);
			inputFileListPaths = (
			);
			inputPaths = (
			);
			name = "Normalize Python .fwork (post-embed)";
			outputFileListPaths = (
			);
			outputPaths = (
			);
			runOnlyForDeploymentPostprocessing = 0;
			shellPath = /bin/bash;
			shellScript = "\"${SRCROOT}/../scripts/normalize-fwork-postembed.sh\"\n";
		};
		B9MA01042FAB0001000ABCDE /* Install Python (macOS) */ = {
			isa = PBXShellScriptBuildPhase;
			alwaysOutOfDate = 1;
			buildActionMask = 2147483647;
			files = (
			);
			inputFileListPaths = (
			);
			inputPaths = (
			);
			name = "Install Python (macOS)";
			outputFileListPaths = (
			);
			outputPaths = (
			);
			runOnlyForDeploymentPostprocessing = 0;
			shellPath = /bin/bash;
			shellScript = "\"${SRCROOT}/../scripts/install-python-macos.sh\"\n";
		};
/* End PBXShellScriptBuildPhase section */

/* Begin PBXSourcesBuildPhase section */
		B91A872F2FAAF63D00F66109 /* Sources */ = {
			isa = PBXSourcesBuildPhase;
			buildActionMask = 2147483647;
			files = (
			);
			runOnlyForDeploymentPostprocessing = 0;
		};
		B94E95702FA04EFA00CF9138 /* Sources */ = {
			isa = PBXSourcesBuildPhase;
			buildActionMask = 2147483647;
			files = (
			);
			runOnlyForDeploymentPostprocessing = 0;
		};
/* End PBXSourcesBuildPhase section */

/* Begin XCBuildConfiguration section */
		B91A873B2FAAF63E00F66109 /* Debug */ = {
			isa = XCBuildConfiguration;
			buildSettings = {
				ASSETCATALOG_COMPILER_APPICON_NAME = AppIcon;
				ASSETCATALOG_COMPILER_GLOBAL_ACCENT_COLOR_NAME = AccentColor;
				ASSETCATALOG_COMPILER_INCLUDE_ALL_APPICON_ASSETS = YES;
				CODE_SIGN_ENTITLEMENTS = ManimStudio_macos/ManimStudio_macos.entitlements;
				CODE_SIGN_STYLE = Automatic;
				COMBINE_HIDPI_IMAGES = YES;
				CURRENT_PROJECT_VERSION = 1;
				DEVELOPMENT_TEAM = LYK4LV2859;
				ENABLE_APP_SANDBOX = NO;
				ENABLE_HARDENED_RUNTIME = YES;
				ENABLE_PREVIEWS = YES;
				ENABLE_USER_SCRIPT_SANDBOXING = NO;
				ENABLE_USER_SELECTED_FILES = readonly;
				GENERATE_INFOPLIST_FILE = YES;
				INFOPLIST_KEY_CFBundleDisplayName = ManimStudio;
				INFOPLIST_KEY_LSApplicationCategoryType = "public.app-category.developer-tools";
				INFOPLIST_KEY_NSHumanReadableCopyright = "";
				LD_RUNPATH_SEARCH_PATHS = (
					"$(inherited)",
					"@executable_path/../Frameworks",
				);
				MACOSX_DEPLOYMENT_TARGET = 26.2;
				MARKETING_VERSION = 1.0;
				PRODUCT_BUNDLE_IDENTIFIER = "euler.manimstudio-macos";
				PRODUCT_NAME = "$(TARGET_NAME)";
				REGISTER_APP_GROUPS = YES;
				SDKROOT = macosx;
				STRING_CATALOG_GENERATE_SYMBOLS = YES;
				SWIFT_APPROACHABLE_CONCURRENCY = YES;
				SWIFT_DEFAULT_ACTOR_ISOLATION = MainActor;
				SWIFT_EMIT_LOC_STRINGS = YES;
				SWIFT_UPCOMING_FEATURE_MEMBER_IMPORT_VISIBILITY = YES;
				SWIFT_VERSION = 5.0;
			};
			name = Debug;
		};
		B91A873C2FAAF63E00F66109 /* Release */ = {
			isa = XCBuildConfiguration;
			buildSettings = {
				ASSETCATALOG_COMPILER_APPICON_NAME = AppIcon;
				ASSETCATALOG_COMPILER_GLOBAL_ACCENT_COLOR_NAME = AccentColor;
				ASSETCATALOG_COMPILER_INCLUDE_ALL_APPICON_ASSETS = YES;
				CODE_SIGN_ENTITLEMENTS = ManimStudio_macos/ManimStudio_macos.entitlements;
				CODE_SIGN_STYLE = Automatic;
				COMBINE_HIDPI_IMAGES = YES;
				CURRENT_PROJECT_VERSION = 1;
				DEVELOPMENT_TEAM = LYK4LV2859;
				ENABLE_APP_SANDBOX = NO;
				ENABLE_HARDENED_RUNTIME = YES;
				ENABLE_PREVIEWS = YES;
				ENABLE_USER_SCRIPT_SANDBOXING = NO;
				ENABLE_USER_SELECTED_FILES = readonly;
				GENERATE_INFOPLIST_FILE = YES;
				INFOPLIST_KEY_CFBundleDisplayName = ManimStudio;
				INFOPLIST_KEY_LSApplicationCategoryType = "public.app-category.developer-tools";
				INFOPLIST_KEY_NSHumanReadableCopyright = "";
				LD_RUNPATH_SEARCH_PATHS = (
					"$(inherited)",
					"@executable_path/../Frameworks",
				);
				MACOSX_DEPLOYMENT_TARGET = 26.2;
				MARKETING_VERSION = 1.0;
				PRODUCT_BUNDLE_IDENTIFIER = "euler.manimstudio-macos";
				PRODUCT_NAME = "$(TARGET_NAME)";
				REGISTER_APP_GROUPS = YES;
				SDKROOT = macosx;
				STRING_CATALOG_GENERATE_SYMBOLS = YES;
				SWIFT_APPROACHABLE_CONCURRENCY = YES;
				SWIFT_DEFAULT_ACTOR_ISOLATION = MainActor;
				SWIFT_EMIT_LOC_STRINGS = YES;
				SWIFT_UPCOMING_FEATURE_MEMBER_IMPORT_VISIBILITY = YES;
				SWIFT_VERSION = 5.0;
			};
			name = Release;
		};
		B94E957D2FA04EFA00CF9138 /* Debug */ = {
			isa = XCBuildConfiguration;
			buildSettings = {
				ALWAYS_SEARCH_USER_PATHS = NO;
				ASSETCATALOG_COMPILER_GENERATE_SWIFT_ASSET_SYMBOL_EXTENSIONS = YES;
				CLANG_ANALYZER_NONNULL = YES;
				CLANG_ANALYZER_NUMBER_OBJECT_CONVERSION = YES_AGGRESSIVE;
				CLANG_CXX_LANGUAGE_STANDARD = "gnu++20";
				CLANG_ENABLE_MODULES = YES;
				CLANG_ENABLE_OBJC_ARC = YES;
				CLANG_ENABLE_OBJC_WEAK = YES;
				CLANG_WARN_BLOCK_CAPTURE_AUTORELEASING = YES;
				CLANG_WARN_BOOL_CONVERSION = YES;
				CLANG_WARN_COMMA = YES;
				CLANG_WARN_CONSTANT_CONVERSION = YES;
				CLANG_WARN_DEPRECATED_OBJC_IMPLEMENTATIONS = YES;
				CLANG_WARN_DIRECT_OBJC_ISA_USAGE = YES_ERROR;
				CLANG_WARN_DOCUMENTATION_COMMENTS = YES;
				CLANG_WARN_EMPTY_BODY = YES;
				CLANG_WARN_ENUM_CONVERSION = YES;
				CLANG_WARN_INFINITE_RECURSION = YES;
				CLANG_WARN_INT_CONVERSION = YES;
				CLANG_WARN_NON_LITERAL_NULL_CONVERSION = YES;
				CLANG_WARN_OBJC_IMPLICIT_RETAIN_SELF = YES;
				CLANG_WARN_OBJC_LITERAL_CONVERSION = YES;
				CLANG_WARN_OBJC_ROOT_CLASS = YES_ERROR;
				CLANG_WARN_QUOTED_INCLUDE_IN_FRAMEWORK_HEADER = YES;
				CLANG_WARN_RANGE_LOOP_ANALYSIS = YES;
				CLANG_WARN_STRICT_PROTOTYPES = YES;
				CLANG_WARN_SUSPICIOUS_MOVE = YES;
				CLANG_WARN_UNGUARDED_AVAILABILITY = YES_AGGRESSIVE;
				CLANG_WARN_UNREACHABLE_CODE = YES;
				CLANG_WARN__DUPLICATE_METHOD_MATCH = YES;
				COPY_PHASE_STRIP = NO;
				DEBUG_INFORMATION_FORMAT = dwarf;
				DEVELOPMENT_TEAM = LYK4LV2859;
				ENABLE_BITCODE = NO;
				ENABLE_STRICT_OBJC_MSGSEND = YES;
				ENABLE_TESTABILITY = YES;
				ENABLE_USER_SCRIPT_SANDBOXING = NO;
				GCC_C_LANGUAGE_STANDARD = gnu17;
				GCC_DYNAMIC_NO_PIC = NO;
				GCC_NO_COMMON_BLOCKS = YES;
				GCC_OPTIMIZATION_LEVEL = 0;
				GCC_PREPROCESSOR_DEFINITIONS = (
					"DEBUG=1",
					"$(inherited)",
				);
				GCC_WARN_64_TO_32_BIT_CONVERSION = YES;
				GCC_WARN_ABOUT_RETURN_TYPE = YES_ERROR;
				GCC_WARN_UNDECLARED_SELECTOR = YES;
				GCC_WARN_UNINITIALIZED_AUTOS = YES_AGGRESSIVE;
				GCC_WARN_UNUSED_FUNCTION = YES;
				GCC_WARN_UNUSED_VARIABLE = YES;
				IPHONEOS_DEPLOYMENT_TARGET = 17.0;
				LOCALIZATION_PREFERS_STRING_CATALOGS = YES;
				MTL_ENABLE_DEBUG_INFO = INCLUDE_SOURCE;
				MTL_FAST_MATH = YES;
				ONLY_ACTIVE_ARCH = YES;
				SDKROOT = iphoneos;
				SWIFT_ACTIVE_COMPILATION_CONDITIONS = "DEBUG $(inherited)";
				SWIFT_OPTIMIZATION_LEVEL = "-Onone";
			};
			name = Debug;
		};
		B94E957E2FA04EFA00CF9138 /* Release */ = {
			isa = XCBuildConfiguration;
			buildSettings = {
				ALWAYS_SEARCH_USER_PATHS = NO;
				ASSETCATALOG_COMPILER_GENERATE_SWIFT_ASSET_SYMBOL_EXTENSIONS = YES;
				CLANG_ANALYZER_NONNULL = YES;
				CLANG_ANALYZER_NUMBER_OBJECT_CONVERSION = YES_AGGRESSIVE;
				CLANG_CXX_LANGUAGE_STANDARD = "gnu++20";
				CLANG_ENABLE_MODULES = YES;
				CLANG_ENABLE_OBJC_ARC = YES;
				CLANG_ENABLE_OBJC_WEAK = YES;
				CLANG_WARN_BLOCK_CAPTURE_AUTORELEASING = YES;
				CLANG_WARN_BOOL_CONVERSION = YES;
				CLANG_WARN_COMMA = YES;
				CLANG_WARN_CONSTANT_CONVERSION = YES;
				CLANG_WARN_DEPRECATED_OBJC_IMPLEMENTATIONS = YES;
				CLANG_WARN_DIRECT_OBJC_ISA_USAGE = YES_ERROR;
				CLANG_WARN_DOCUMENTATION_COMMENTS = YES;
				CLANG_WARN_EMPTY_BODY = YES;
				CLANG_WARN_ENUM_CONVERSION = YES;
				CLANG_WARN_INFINITE_RECURSION = YES;
				CLANG_WARN_INT_CONVERSION = YES;
				CLANG_WARN_NON_LITERAL_NULL_CONVERSION = YES;
				CLANG_WARN_OBJC_IMPLICIT_RETAIN_SELF = YES;
				CLANG_WARN_OBJC_LITERAL_CONVERSION = YES;
				CLANG_WARN_OBJC_ROOT_CLASS = YES_ERROR;
				CLANG_WARN_QUOTED_INCLUDE_IN_FRAMEWORK_HEADER = YES;
				CLANG_WARN_RANGE_LOOP_ANALYSIS = YES;
				CLANG_WARN_STRICT_PROTOTYPES = YES;
				CLANG_WARN_SUSPICIOUS_MOVE = YES;
				CLANG_WARN_UNGUARDED_AVAILABILITY = YES_AGGRESSIVE;
				CLANG_WARN_UNREACHABLE_CODE = YES;
				CLANG_WARN__DUPLICATE_METHOD_MATCH = YES;
				COPY_PHASE_STRIP = NO;
				DEBUG_INFORMATION_FORMAT = "dwarf-with-dsym";
				DEVELOPMENT_TEAM = LYK4LV2859;
				ENABLE_BITCODE = NO;
				ENABLE_NS_ASSERTIONS = NO;
				ENABLE_STRICT_OBJC_MSGSEND = YES;
				ENABLE_USER_SCRIPT_SANDBOXING = NO;
				GCC_C_LANGUAGE_STANDARD = gnu17;
				GCC_NO_COMMON_BLOCKS = YES;
				GCC_WARN_64_TO_32_BIT_CONVERSION = YES;
				GCC_WARN_ABOUT_RETURN_TYPE = YES_ERROR;
				GCC_WARN_UNDECLARED_SELECTOR = YES;
				GCC_WARN_UNINITIALIZED_AUTOS = YES_AGGRESSIVE;
				GCC_WARN_UNUSED_FUNCTION = YES;
				GCC_WARN_UNUSED_VARIABLE = YES;
				IPHONEOS_DEPLOYMENT_TARGET = 17.0;
				LOCALIZATION_PREFERS_STRING_CATALOGS = YES;
				MTL_ENABLE_DEBUG_INFO = NO;
				MTL_FAST_MATH = YES;
				SDKROOT = iphoneos;
				SWIFT_COMPILATION_MODE = wholemodule;
				VALIDATE_PRODUCT = YES;
			};
			name = Release;
		};
		B94E95802FA04EFA00CF9138 /* Debug */ = {
			isa = XCBuildConfiguration;
			buildSettings = {
				ALWAYS_EMBED_SWIFT_STANDARD_LIBRARIES = YES;
				ASSETCATALOG_COMPILER_APPICON_NAME = AppIcon;
				ASSETCATALOG_COMPILER_GLOBAL_ACCENT_COLOR_NAME = AccentColor;
				CODE_SIGN_ENTITLEMENTS = ManimStudio/ManimStudio.entitlements;
				CODE_SIGN_STYLE = Automatic;
				CURRENT_PROJECT_VERSION = 74;
				DEVELOPMENT_TEAM = LYK4LV2859;
				GENERATE_INFOPLIST_FILE = NO;
				INFOPLIST_FILE = ManimStudio/Info.plist;
				LD_RUNPATH_SEARCH_PATHS = (
					"$(inherited)",
					"@executable_path/Frameworks",
				);
				MARKETING_VERSION = 1.0;
				PRODUCT_BUNDLE_IDENTIFIER = euleryu.ManimStudio;
				PRODUCT_NAME = "$(TARGET_NAME)";
				STRING_CATALOG_GENERATE_SYMBOLS = YES;
				SWIFT_APPROACHABLE_CONCURRENCY = YES;
				SWIFT_DEFAULT_ACTOR_ISOLATION = MainActor;
				SWIFT_EMIT_LOC_STRINGS = YES;
				SWIFT_UPCOMING_FEATURE_MEMBER_IMPORT_VISIBILITY = YES;
				SWIFT_VERSION = 5.0;
				TARGETED_DEVICE_FAMILY = "1,2";
			};
			name = Debug;
		};
		B94E95812FA04EFA00CF9138 /* Release */ = {
			isa = XCBuildConfiguration;
			buildSettings = {
				ALWAYS_EMBED_SWIFT_STANDARD_LIBRARIES = YES;
				ASSETCATALOG_COMPILER_APPICON_NAME = AppIcon;
				ASSETCATALOG_COMPILER_GLOBAL_ACCENT_COLOR_NAME = AccentColor;
				CODE_SIGN_ENTITLEMENTS = ManimStudio/ManimStudio.entitlements;
				CODE_SIGN_STYLE = Automatic;
				CURRENT_PROJECT_VERSION = 74;
				DEVELOPMENT_TEAM = LYK4LV2859;
				GENERATE_INFOPLIST_FILE = NO;
				INFOPLIST_FILE = ManimStudio/Info.plist;
				LD_RUNPATH_SEARCH_PATHS = (
					"$(inherited)",
					"@executable_path/Frameworks",
				);
				MARKETING_VERSION = 1.0;
				PRODUCT_BUNDLE_IDENTIFIER = euleryu.ManimStudio;
				PRODUCT_NAME = "$(TARGET_NAME)";
				STRING_CATALOG_GENERATE_SYMBOLS = YES;
				SWIFT_APPROACHABLE_CONCURRENCY = YES;
				SWIFT_DEFAULT_ACTOR_ISOLATION = MainActor;
				SWIFT_EMIT_LOC_STRINGS = YES;
				SWIFT_UPCOMING_FEATURE_MEMBER_IMPORT_VISIBILITY = YES;
				SWIFT_VERSION = 5.0;
				TARGETED_DEVICE_FAMILY = "1,2";
			};
			name = Release;
		};
/* End XCBuildConfiguration section */

/* Begin XCConfigurationList section */
		B91A873D2FAAF63E00F66109 /* Build configuration list for PBXNativeTarget "ManimStudio_macos" */ = {
			isa = XCConfigurationList;
			buildConfigurations = (
				B91A873B2FAAF63E00F66109 /* Debug */,
				B91A873C2FAAF63E00F66109 /* Release */,
			);
			defaultConfigurationIsVisible = 0;
			defaultConfigurationName = Release;
		};
		B94E956F2FA04EFA00CF9138 /* Build configuration list for PBXProject "ManimStudio" */ = {
			isa = XCConfigurationList;
			buildConfigurations = (
				B94E957D2FA04EFA00CF9138 /* Debug */,
				B94E957E2FA04EFA00CF9138 /* Release */,
			);
			defaultConfigurationIsVisible = 0;
			defaultConfigurationName = Release;
		};
		B94E957F2FA04EFA00CF9138 /* Build configuration list for PBXNativeTarget "ManimStudio" */ = {
			isa = XCConfigurationList;
			buildConfigurations = (
				B94E95802FA04EFA00CF9138 /* Debug */,
				B94E95812FA04EFA00CF9138 /* Release */,
			);
			defaultConfigurationIsVisible = 0;
			defaultConfigurationName = Release;
		};
/* End XCConfigurationList section */

/* Begin XCRemoteSwiftPackageReference section */
		B9ABCDFE2FB00001000ABCDE /* XCRemoteSwiftPackageReference "SwiftTerm" */ = {
			isa = XCRemoteSwiftPackageReference;
			repositoryURL = "https://github.com/migueldeicaza/SwiftTerm";
			requirement = {
				kind = upToNextMajorVersion;
				minimumVersion = 1.2.0;
			};
		};
		B9E7BAB92FA0BCD9004329BB /* XCRemoteSwiftPackageReference "python-ios-lib" */ = {
			isa = XCRemoteSwiftPackageReference;
			repositoryURL = "https://github.com/yu314-coder/python-ios-lib";
			requirement = {
				branch = main;
				kind = branch;
			};
		};
/* End XCRemoteSwiftPackageReference section */

/* Begin XCSwiftPackageProductDependency section */
		B9ABCD002FB00001000ABCDE /* SwiftTerm */ = {
			isa = XCSwiftPackageProductDependency;
			package = B9ABCDFE2FB00001000ABCDE /* XCRemoteSwiftPackageReference "SwiftTerm" */;
			productName = SwiftTerm;
		};
		B9E7BABA2FA0BCD9004329BB /* Manim */ = {
			isa = XCSwiftPackageProductDependency;
			package = B9E7BAB92FA0BCD9004329BB /* XCRemoteSwiftPackageReference "python-ios-lib" */;
			productName = Manim;
		};
		B9MA02002FAB0002000ABCDE /* SwiftTerm */ = {
			isa = XCSwiftPackageProductDependency;
			package = B9ABCDFE2FB00001000ABCDE /* XCRemoteSwiftPackageReference "SwiftTerm" */;
			productName = SwiftTerm;
		};
/* End XCSwiftPackageProductDependency section */
	};
	rootObject = B94E956C2FA04EFA00CF9138 /* Project object */;
}
